
Microsoft Visual Studio Solution File, Format Version 12.00
# Visual Studio Version 17
VisualStudioVersion = 17.4.33213.308
MinimumVisualStudioVersion = 10.0.40219.1
Project("{FAE04EC0-301F-11D3-BF4B-00C04F79EFBC}") = "JURNAL_MOD3_1302210084", "JURNAL_MOD3_1302210084\JURNAL_MOD3_1302210084.csproj", "{34BA6039-D6C1-4C9A-A1C4-1153C42DCC0D}"
EndProject
Global
	GlobalSection(SolutionConfigurationPlatforms) = preSolution
		Debug|Any CPU = Debug|Any CPU
		Release|Any CPU = Release|Any CPU
	EndGlobalSection
	GlobalSection(ProjectConfigurationPlatforms) = postSolution
		{34BA6039-D6C1-4C9A-A1C4-1153C42DCC0D}.Debug|Any CPU.ActiveCfg = Debug|Any CPU
		{34BA6039-D6C1-4C9A-A1C4-1153C42DCC0D}.Debug|Any CPU.Build.0 = Debug|Any CPU
		{34BA6039-D6C1-4C9A-A1C4-1153C42DCC0D}.Release|Any CPU.ActiveCfg = Release|Any CPU
		{34BA6039-D6C1-4C9A-A1C4-1153C42DCC0D}.Release|Any CPU.Build.0 = Release|Any CPU
	EndGlobalSection
	GlobalSection(SolutionProperties) = preSolution
		HideSolutionNode = FALSE
	EndGlobalSection
	GlobalSection(ExtensibilityGlobals) = postSolution
		SolutionGuid = {68E87EB3-3018-4A8A-9DA0-56D469540546}
	EndGlobalSection
EndGlobal
